// !$*UTF8*$!
{
	archiveVersion = 1;
	classes = {
	};
	objectVersion = 46;
	objects = {

/* Begin PBXBuildFile section */
		560B398138FF1B6C673CD8BF /* Pods_TTGSnackbarObjcTest.framework in Frameworks */ = {isa = PBXBuildFile; fileRef = 6ECFE554FE7F2A02A2C570F1 /* Pods_TTGSnackbarObjcTest.framework */; };
		F44D38C21CEB84910038A756 /* main.m in Sources */ = {isa = PBXBuildFile; fileRef = F44D38C11CEB84910038A756 /* main.m */; };
		F44D38C51CEB84910038A756 /* AppDelegate.m in Sources */ = {isa = PBXBuildFile; fileRef = F44D38C41CEB84910038A756 /* AppDelegate.m */; };
		F44D38C81CEB84910038A756 /* ViewController.m in Sources */ = {isa = PBXBuildFile; fileRef = F44D38C71CEB84910038A756 /* ViewController.m */; };
		F44D38CB1CEB84910038A756 /* Main.storyboard in Resources */ = {isa = PBXBuildFile; fileRef = F44D38C91CEB84910038A756 /* Main.storyboard */; };
		F44D38CD1CEB84910038A756 /* Assets.xcassets in Resources */ = {isa = PBXBuildFile; fileRef = F44D38CC1CEB84910038A756 /* Assets.xcassets */; };
		F44D38D01CEB84910038A756 /* LaunchScreen.storyboard in Resources */ = {isa = PBXBuildFile; fileRef = F44D38CE1CEB84910038A756 /* LaunchScreen.storyboard */; };
/* End PBXBuildFile section */

/* Begin PBXFileReference section */
		0E515B1A5FB5A4BB0AE3CBB2 /* Pods-TTGSnackbarObjcTest.release.xcconfig */ = {isa = PBXFileReference; includeInIndex = 1; lastKnownFileType = text.xcconfig; name = "Pods-TTGSnackbarObjcTest.release.xcconfig"; path = "Pods/Target Support Files/Pods-TTGSnackbarObjcTest/Pods-TTGSnackbarObjcTest.release.xcconfig"; sourceTree = "<group>"; };
		16273ED57C92CC16A69E6229 /* Pods-TTGSnackbarObjcTest.debug.xcconfig */ = {isa = PBXFileReference; includeInIndex = 1; lastKnownFileType = text.xcconfig; name = "Pods-TTGSnackbarObjcTest.debug.xcconfig"; path = "Pods/Target Support Files/Pods-TTGSnackbarObjcTest/Pods-TTGSnackbarObjcTest.debug.xcconfig"; sourceTree = "<group>"; };
		6ECFE554FE7F2A02A2C570F1 /* Pods_TTGSnackbarObjcTest.framework */ = {isa = PBXFileReference; explicitFileType = wrapper.framework; includeInIndex = 0; path = Pods_TTGSnackbarObjcTest.framework; sourceTree = BUILT_PRODUCTS_DIR; };
		E62EE3C508DC8248F55F8D2A /* Pods.framework */ = {isa = PBXFileReference; explicitFileType = wrapper.framework; includeInIndex = 0; path = Pods.framework; sourceTree = BUILT_PRODUCTS_DIR; };
		F44D38BD1CEB84910038A756 /* TTGSnackbarObjcTest.app */ = {isa = PBXFileReference; explicitFileType = wrapper.application; includeInIndex = 0; path = TTGSnackbarObjcTest.app; sourceTree = BUILT_PRODUCTS_DIR; };
		F44D38C11CEB84910038A756 /* main.m */ = {isa = PBXFileReference; lastKnownFileType = sourcecode.c.objc; path = main.m; sourceTree = "<group>"; };
		F44D38C31CEB84910038A756 /* AppDelegate.h */ = {isa = PBXFileReference; lastKnownFileType = sourcecode.c.h; path = AppDelegate.h; sourceTree = "<group>"; };
		F44D38C41CEB84910038A756 /* AppDelegate.m */ = {isa = PBXFileReference; lastKnownFileType = sourcecode.c.objc; path = AppDelegate.m; sourceTree = "<group>"; };
		F44D38C61CEB84910038A756 /* ViewController.h */ = {isa = PBXFileReference; lastKnownFileType = sourcecode.c.h; path = ViewController.h; sourceTree = "<group>"; };
		F44D38C71CEB84910038A756 /* ViewController.m */ = {isa = PBXFileReference; lastKnownFileType = sourcecode.c.objc; path = ViewController.m; sourceTree = "<group>"; };
		F44D38CA1CEB84910038A756 /* Base */ = {isa = PBXFileReference; lastKnownFileType = file.storyboard; name = Base; path = Base.lproj/Main.storyboard; sourceTree = "<group>"; };
		F44D38CC1CEB84910038A756 /* Assets.xcassets */ = {isa = PBXFileReference; lastKnownFileType = folder.assetcatalog; path = Assets.xcassets; sourceTree = "<group>"; };
		F44D38CF1CEB84910038A756 /* Base */ = {isa = PBXFileReference; lastKnownFileType = file.storyboard; name = Base; path = Base.lproj/LaunchScreen.storyboard; sourceTree = "<group>"; };
		F44D38D11CEB84910038A756 /* Info.plist */ = {isa = PBXFileReference; lastKnownFileType = text.plist.xml; path = Info.plist; sourceTree = "<group>"; };
/* End PBXFileReference section */

/* Begin PBXFrameworksBuildPhase section */
		F44D38BA1CEB84910038A756 /* Frameworks */ = {
			isa = PBXFrameworksBuildPhase;
			buildActionMask = 2147483647;
			files = (
				560B398138FF1B6C673CD8BF /* Pods_TTGSnackbarObjcTest.framework in Frameworks */,
			);
			runOnlyForDeploymentPostprocessing = 0;
		};
/* End PBXFrameworksBuildPhase section */

/* Begin PBXGroup section */
		26F95E8A9A86DB29A62372AF /* Frameworks */ = {
			isa = PBXGroup;
			children = (
				E62EE3C508DC8248F55F8D2A /* Pods.framework */,
				6ECFE554FE7F2A02A2C570F1 /* Pods_TTGSnackbarObjcTest.framework */,
			);
			name = Frameworks;
			sourceTree = "<group>";
		};
		8E8E5826AC4B163C31623219 /* Pods */ = {
			isa = PBXGroup;
			children = (
				16273ED57C92CC16A69E6229 /* Pods-TTGSnackbarObjcTest.debug.xcconfig */,
				0E515B1A5FB5A4BB0AE3CBB2 /* Pods-TTGSnackbarObjcTest.release.xcconfig */,
			);
			name = Pods;
			sourceTree = "<group>";
		};
		F44D38B41CEB84910038A756 = {
			isa = PBXGroup;
			children = (
				F44D38BF1CEB84910038A756 /* TTGSnackbarObjcTest */,
				F44D38BE1CEB84910038A756 /* Products */,
				26F95E8A9A86DB29A62372AF /* Frameworks */,
				8E8E5826AC4B163C31623219 /* Pods */,
			);
			sourceTree = "<group>";
		};
		F44D38BE1CEB84910038A756 /* Products */ = {
			isa = PBXGroup;
			children = (
				F44D38BD1CEB84910038A756 /* TTGSnackbarObjcTest.app */,
			);
			name = Products;
			sourceTree = "<group>";
		};
		F44D38BF1CEB84910038A756 /* TTGSnackbarObjcTest */ = {
			isa = PBXGroup;
			children = (
				F44D38C31CEB84910038A756 /* AppDelegate.h */,
				F44D38C41CEB84910038A756 /* AppDelegate.m */,
				F44D38C61CEB84910038A756 /* ViewController.h */,
				F44D38C71CEB84910038A756 /* ViewController.m */,
				F44D38C91CEB84910038A756 /* Main.storyboard */,
				F44D38CC1CEB84910038A756 /* Assets.xcassets */,
				F44D38CE1CEB84910038A756 /* LaunchScreen.storyboard */,
				F44D38D11CEB84910038A756 /* Info.plist */,
				F44D38C01CEB84910038A756 /* Supporting Files */,
			);
			path = TTGSnackbarObjcTest;
			sourceTree = "<group>";
		};
		F44D38C01CEB84910038A756 /* Supporting Files */ = {
			isa = PBXGroup;
			children = (
				F44D38C11CEB84910038A756 /* main.m */,
			);
			name = "Supporting Files";
			sourceTree = "<group>";
		};
/* End PBXGroup section */

/* Begin PBXNativeTarget section */
		F44D38BC1CEB84910038A756 /* TTGSnackbarObjcTest */ = {
			isa = PBXNativeTarget;
			buildConfigurationList = F44D38D41CEB84910038A756 /* Build configuration list for PBXNativeTarget "TTGSnackbarObjcTest" */;
			buildPhases = (
				1236864610C990F19DA85CEB /* [CP] Check Pods Manifest.lock */,
				F44D38B91CEB84910038A756 /* Sources */,
				F44D38BA1CEB84910038A756 /* Frameworks */,
				F44D38BB1CEB84910038A756 /* Resources */,
				12B2751936C64FB975A08605 /* [CP] Embed Pods Frameworks */,
				63DBF584B3711A1669AB27DA /* [CP] Copy Pods Resources */,
			);
			buildRules = (
			);
			dependencies = (
			);
			name = TTGSnackbarObjcTest;
			productName = TTGSnackbarObjcTest;
			productReference = F44D38BD1CEB84910038A756 /* TTGSnackbarObjcTest.app */;
			productType = "com.apple.product-type.application";
		};
/* End PBXNativeTarget section */

/* Begin PBXProject section */
		F44D38B51CEB84910038A756 /* Project object */ = {
			isa = PBXProject;
			attributes = {
				LastUpgradeCheck = 0730;
				ORGANIZATIONNAME = tutuge;
				TargetAttributes = {
					F44D38BC1CEB84910038A756 = {
						CreatedOnToolsVersion = 7.3.1;
						LastSwiftMigration = 0800;
						ProvisioningStyle = Manual;
					};
				};
			};
			buildConfigurationList = F44D38B81CEB84910038A756 /* Build configuration list for PBXProject "TTGSnackbarObjcTest" */;
			compatibilityVersion = "Xcode 3.2";
			developmentRegion = English;
			hasScannedForEncodings = 0;
			knownRegions = (
				en,
				Base,
			);
			mainGroup = F44D38B41CEB84910038A756;
			productRefGroup = F44D38BE1CEB84910038A756 /* Products */;
			projectDirPath = "";
			projectRoot = "";
			targets = (
				F44D38BC1CEB84910038A756 /* TTGSnackbarObjcTest */,
			);
		};
/* End PBXProject section */

/* Begin PBXResourcesBuildPhase section */
		F44D38BB1CEB84910038A756 /* Resources */ = {
			isa = PBXResourcesBuildPhase;
			buildActionMask = 2147483647;
			files = (
				F44D38D01CEB84910038A756 /* LaunchScreen.storyboard in Resources */,
				F44D38CD1CEB84910038A756 /* Assets.xcassets in Resources */,
				F44D38CB1CEB84910038A756 /* Main.storyboard in Resources */,
			);
			runOnlyForDeploymentPostprocessing = 0;
		};
/* End PBXResourcesBuildPhase section */

/* Begin PBXShellScriptBuildPhase section */
		1236864610C990F19DA85CEB /* [CP] Check Pods Manifest.lock */ = {
			isa = PBXShellScriptBuildPhase;
			buildActionMask = 2147483647;
			files = (
			);
			inputPaths = (
			);
			name = "[CP] Check Pods Manifest.lock";
			outputPaths = (
			);
			runOnlyForDeploymentPostprocessing = 0;
			shellPath = /bin/sh;
			shellScript = "diff \"${PODS_ROOT}/../Podfile.lock\" \"${PODS_ROOT}/Manifest.lock\" > /dev/null\nif [ $? != 0 ] ; then\n    # print error to STDERR\n    echo \"error: The sandbox is not in sync with the Podfile.lock. Run 'pod install' or update your CocoaPods installation.\" >&2\n    exit 1\nfi\n";
			showEnvVarsInLog = 0;
		};
		12B2751936C64FB975A08605 /* [CP] Embed Pods Frameworks */ = {
			isa = PBXShellScriptBuildPhase;
			buildActionMask = 2147483647;
			files = (
			);
			inputPaths = (
			);
			name = "[CP] Embed Pods Frameworks";
			outputPaths = (
			);
			runOnlyForDeploymentPostprocessing = 0;
			shellPath = /bin/sh;
			shellScript = "\"${SRCROOT}/Pods/Target Support Files/Pods-TTGSnackbarObjcTest/Pods-TTGSnackbarObjcTest-frameworks.sh\"\n";
			showEnvVarsInLog = 0;
		};
		63DBF584B3711A1669AB27DA /* [CP] Copy Pods Resources */ = {
			isa = PBXShellScriptBuildPhase;
			buildActionMask = 2147483647;
			files = (
			);
			inputPaths = (
			);
			name = "[CP] Copy Pods Resources";
			outputPaths = (
			);
			runOnlyForDeploymentPostprocessing = 0;
			shellPath = /bin/sh;
			shellScript = "\"${SRCROOT}/Pods/Target Support Files/Pods-TTGSnackbarObjcTest/Pods-TTGSnackbarObjcTest-resources.sh\"\n";
			showEnvVarsInLog = 0;
		};
/* End PBXShellScriptBuildPhase section */

/* Begin PBXSourcesBuildPhase section */
		F44D38B91CEB84910038A756 /* Sources */ = {
			isa = PBXSourcesBuildPhase;
			buildActionMask = 2147483647;
			files = (
				F44D38C81CEB84910038A756 /* ViewController.m in Sources */,
				F44D38C51CEB84910038A756 /* AppDelegate.m in Sources */,
				F44D38C21CEB84910038A756 /* main.m in Sources */,
			);
			runOnlyForDeploymentPostprocessing = 0;
		};
/* End PBXSourcesBuildPhase section */

/* Begin PBXVariantGroup section */
		F44D38C91CEB84910038A756 /* Main.storyboard */ = {
			isa = PBXVariantGroup;
			children = (
				F44D38CA1CEB84910038A756 /* Base */,
			);
			name = Main.storyboard;
			sourceTree = "<group>";
		};
		F44D38CE1CEB84910038A756 /* LaunchScreen.storyboard */ = {
			isa = PBXVariantGroup;
			children = (
				F44D38CF1CEB84910038A756 /* Base */,
			);
			name = LaunchScreen.storyboard;
			sourceTree = "<group>";
		};
/* End PBXVariantGroup section */

/* Begin XCBuildConfiguration section */
		F44D38D21CEB84910038A756 /* Debug */ = {
			isa = XCBuildConfiguration;
			buildSettings = {
				ALWAYS_SEARCH_USER_PATHS = NO;
				CLANG_ANALYZER_NONNULL = YES;
				CLANG_CXX_LANGUAGE_STANDARD = "gnu++0x";
				CLANG_CXX_LIBRARY = "libc++";
				CLANG_ENABLE_MODULES = YES;
				CLANG_ENABLE_OBJC_ARC = YES;
				CLANG_WARN_BOOL_CONVERSION = YES;
				CLANG_WARN_CONSTANT_CONVERSION = YES;
				CLANG_WARN_DIRECT_OBJC_ISA_USAGE = YES_ERROR;
				CLANG_WARN_EMPTY_BODY = YES;
				CLANG_WARN_ENUM_CONVERSION = YES;
				CLANG_WARN_INT_CONVERSION = YES;
				CLANG_WARN_OBJC_ROOT_CLASS = YES_ERROR;
				CLANG_WARN_UNREACHABLE_CODE = YES;
				CLANG_WARN__DUPLICATE_METHOD_MATCH = YES;
				"CODE_SIGN_IDENTITY[sdk=iphoneos*]" = "iPhone Developer";
				COPY_PHASE_STRIP = NO;
				DEBUG_INFORMATION_FORMAT = dwarf;
				ENABLE_STRICT_OBJC_MSGSEND = YES;
				ENABLE_TESTABILITY = YES;
				GCC_C_LANGUAGE_STANDARD = gnu99;
				GCC_DYNAMIC_NO_PIC = NO;
				GCC_NO_COMMON_BLOCKS = YES;
				GCC_OPTIMIZATION_LEVEL = 0;
				GCC_PREPROCESSOR_DEFINITIONS = (
					"DEBUG=1",
					"$(inherited)",
				);
				GCC_WARN_64_TO_32_BIT_CONVERSION = YES;
				GCC_WARN_ABOUT_RETURN_TYPE = YES_ERROR;
				GCC_WARN_UNDECLARED_SELECTOR = YES;
				GCC_WARN_UNINITIALIZED_AUTOS = YES_AGGRESSIVE;
				GCC_WARN_UNUSED_FUNCTION = YES;
				GCC_WARN_UNUSED_VARIABLE = YES;
				IPHONEOS_DEPLOYMENT_TARGET = 9.3;
				MTL_ENABLE_DEBUG_INFO = YES;
				ONLY_ACTIVE_ARCH = YES;
				SDKROOT = iphoneos;
			};
			name = Debug;
		};
		F44D38D31CEB84910038A756 /* Release */ = {
			isa = XCBuildConfiguration;
			buildSettings = {
				ALWAYS_SEARCH_USER_PATHS = NO;
				CLANG_ANALYZER_NONNULL = YES;
				CLANG_CXX_LANGUAGE_STANDARD = "gnu++0x";
				CLANG_CXX_LIBRARY = "libc++";
				CLANG_ENABLE_MODULES = YES;
				CLANG_ENABLE_OBJC_ARC = YES;
				CLANG_WARN_BOOL_CONVERSION = YES;
				CLANG_WARN_CONSTANT_CONVERSION = YES;
				CLANG_WARN_DIRECT_OBJC_ISA_USAGE = YES_ERROR;
				CLANG_WARN_EMPTY_BODY = YES;
				CLANG_WARN_ENUM_CONVERSION = YES;
				CLANG_WARN_INT_CONVERSION = YES;
				CLANG_WARN_OBJC_ROOT_CLASS = YES_ERROR;
				CLANG_WARN_UNREACHABLE_CODE = YES;
				CLANG_WARN__DUPLICATE_METHOD_MATCH = YES;
				"CODE_SIGN_IDENTITY[sdk=iphoneos*]" = "iPhone Developer";
				COPY_PHASE_STRIP = NO;
				DEBUG_INFORMATION_FORMAT = "dwarf-with-dsym";
				ENABLE_NS_ASSERTIONS = NO;
				ENABLE_STRICT_OBJC_MSGSEND = YES;
				GCC_C_LANGUAGE_STANDARD = gnu99;
				GCC_NO_COMMON_BLOCKS = YES;
				GCC_WARN_64_TO_32_BIT_CONVERSION = YES;
				GCC_WARN_ABOUT_RETURN_TYPE = YES_ERROR;
				GCC_WARN_UNDECLARED_SELECTOR = YES;
				GCC_WARN_UNINITIALIZED_AUTOS = YES_AGGRESSIVE;
				GCC_WARN_UNUSED_FUNCTION = YES;
				GCC_WARN_UNUSED_VARIABLE = YES;
				IPHONEOS_DEPLOYMENT_TARGET = 9.3;
				MTL_ENABLE_DEBUG_INFO = NO;
				SDKROOT = iphoneos;
				VALIDATE_PRODUCT = YES;
			};
			name = Release;
		};
		F44D38D51CEB84910038A756 /* Debug */ = {
			isa = XCBuildConfiguration;
			baseConfigurationReference = 16273ED57C92CC16A69E6229 /* Pods-TTGSnackbarObjcTest.debug.xcconfig */;
			buildSettings = {
				ASSETCATALOG_COMPILER_APPICON_NAME = AppIcon;
				"CODE_SIGN_IDENTITY[sdk=iphoneos*]" = "";
				DEVELOPMENT_TEAM = "";
				INFOPLIST_FILE = TTGSnackbarObjcTest/Info.plist;
				LD_RUNPATH_SEARCH_PATHS = "$(inherited) @executable_path/Frameworks";
				PRODUCT_BUNDLE_IDENTIFIER = me.tutuge.TTGSnackbarObjcTest;
				PRODUCT_NAME = "$(TARGET_NAME)";
				SWIFT_VERSION = 3.0;
			};
			name = Debug;
		};
		F44D38D61CEB84910038A756 /* Release */ = {
			isa = XCBuildConfiguration;
			baseConfigurationReference = 0E515B1A5FB5A4BB0AE3CBB2 /* Pods-TTGSnackbarObjcTest.release.xcconfig */;
			buildSettings = {
				ASSETCATALOG_COMPILER_APPICON_NAME = AppIcon;
				"CODE_SIGN_IDENTITY[sdk=iphoneos*]" = "";
				DEVELOPMENT_TEAM = "";
				INFOPLIST_FILE = TTGSnackbarObjcTest/Info.plist;
				LD_RUNPATH_SEARCH_PATHS = "$(inherited) @executable_path/Frameworks";
				PRODUCT_BUNDLE_IDENTIFIER = me.tutuge.TTGSnackbarObjcTest;
				PRODUCT_NAME = "$(TARGET_NAME)";
				SWIFT_VERSION = 3.0;
			};
			name = Release;
		};
/* End XCBuildConfiguration section */

/* Begin XCConfigurationList section */
		F44D38B81CEB84910038A756 /* Build configuration list for PBXProject "TTGSnackbarObjcTest" */ = {
			isa = XCConfigurationList;
			buildConfigurations = (
				F44D38D21CEB84910038A756 /* Debug */,
				F44D38D31CEB84910038A756 /* Release */,
			);
			defaultConfigurationIsVisible = 0;
			defaultConfigurationName = Release;
		};
		F44D38D41CEB84910038A756 /* Build configuration list for PBXNativeTarget "TTGSnackbarObjcTest" */ = {
			isa = XCConfigurationList;
			buildConfigurations = (
				F44D38D51CEB84910038A756 /* Debug */,
				F44D38D61CEB84910038A756 /* Release */,
			);
			defaultConfigurationIsVisible = 0;
			defaultConfigurationName = Release;
		};
/* End XCConfigurationList section */
	};
	rootObject = F44D38B51CEB84910038A756 /* Project object */;
}
