// !$*UTF8*$!
{
	archiveVersion = 1;
	classes = {
	};
	objectVersion = 50;
	objects = {

/* Begin PBXBuildFile section */
		BFA488F22169BE2B009A2265 /* AppDelegate.swift in Sources */ = {isa = PBXBuildFile; fileRef = BFA488F12169BE2B009A2265 /* AppDelegate.swift */; };
		BFA488F42169BE2B009A2265 /* ViewController.swift in Sources */ = {isa = PBXBuildFile; fileRef = BFA488F32169BE2B009A2265 /* ViewController.swift */; };
		BFA488F72169BE2B009A2265 /* Main.storyboard in Resources */ = {isa = PBXBuildFile; fileRef = BFA488F52169BE2B009A2265 /* Main.storyboard */; };
		BFA488F92169BE2D009A2265 /* Assets.xcassets in Resources */ = {isa = PBXBuildFile; fileRef = BFA488F82169BE2D009A2265 /* Assets.xcassets */; };
		BFA488FC2169BE2D009A2265 /* LaunchScreen.storyboard in Resources */ = {isa = PBXBuildFile; fileRef = BFA488FA2169BE2D009A2265 /* LaunchScreen.storyboard */; };
		BFA489042169C003009A2265 /* CustomView.xib in Resources */ = {isa = PBXBuildFile; fileRef = BFA489032169C003009A2265 /* CustomView.xib */; };
		BFA489082169DD9A009A2265 /* TTGSnackbar.swift in Sources */ = {isa = PBXBuildFile; fileRef = BFA489072169DD9A009A2265 /* TTGSnackbar.swift */; };
		BFA4890A2169DEA9009A2265 /* ShowInCustomViewController.swift in Sources */ = {isa = PBXBuildFile; fileRef = BFA489092169DEA9009A2265 /* ShowInCustomViewController.swift */; };
		BFA489122169E3E2009A2265 /* TTGSnackbarExampleTests.swift in Sources */ = {isa = PBXBuildFile; fileRef = BFA489112169E3E2009A2265 /* TTGSnackbarExampleTests.swift */; };
/* End PBXBuildFile section */

/* Begin PBXContainerItemProxy section */
		BFA489142169E3E2009A2265 /* PBXContainerItemProxy */ = {
			isa = PBXContainerItemProxy;
			containerPortal = BFA488E62169BE2B009A2265 /* Project object */;
			proxyType = 1;
			remoteGlobalIDString = BFA488ED2169BE2B009A2265;
			remoteInfo = TTGSnackbarExample;
		};
/* End PBXContainerItemProxy section */

/* Begin PBXFileReference section */
		BFA488EE2169BE2B009A2265 /* TTGSnackbarExample.app */ = {isa = PBXFileReference; explicitFileType = wrapper.application; includeInIndex = 0; path = TTGSnackbarExample.app; sourceTree = BUILT_PRODUCTS_DIR; };
		BFA488F12169BE2B009A2265 /* AppDelegate.swift */ = {isa = PBXFileReference; lastKnownFileType = sourcecode.swift; path = AppDelegate.swift; sourceTree = "<group>"; };
		BFA488F32169BE2B009A2265 /* ViewController.swift */ = {isa = PBXFileReference; lastKnownFileType = sourcecode.swift; path = ViewController.swift; sourceTree = "<group>"; };
		BFA488F62169BE2B009A2265 /* Base */ = {isa = PBXFileReference; lastKnownFileType = file.storyboard; name = Base; path = Base.lproj/Main.storyboard; sourceTree = "<group>"; };
		BFA488F82169BE2D009A2265 /* Assets.xcassets */ = {isa = PBXFileReference; lastKnownFileType = folder.assetcatalog; path = Assets.xcassets; sourceTree = "<group>"; };
		BFA488FB2169BE2D009A2265 /* Base */ = {isa = PBXFileReference; lastKnownFileType = file.storyboard; name = Base; path = Base.lproj/LaunchScreen.storyboard; sourceTree = "<group>"; };
		BFA488FD2169BE2D009A2265 /* Info.plist */ = {isa = PBXFileReference; lastKnownFileType = text.plist.xml; path = Info.plist; sourceTree = "<group>"; };
		BFA489032169C003009A2265 /* CustomView.xib */ = {isa = PBXFileReference; fileEncoding = 4; lastKnownFileType = file.xib; path = CustomView.xib; sourceTree = "<group>"; };
		BFA489062169DD9A009A2265 /* TTGSnackbar.h */ = {isa = PBXFileReference; fileEncoding = 4; lastKnownFileType = sourcecode.c.h; path = TTGSnackbar.h; sourceTree = "<group>"; };
		BFA489072169DD9A009A2265 /* TTGSnackbar.swift */ = {isa = PBXFileReference; fileEncoding = 4; lastKnownFileType = sourcecode.swift; path = TTGSnackbar.swift; sourceTree = "<group>"; };
		BFA489092169DEA9009A2265 /* ShowInCustomViewController.swift */ = {isa = PBXFileReference; lastKnownFileType = sourcecode.swift; path = ShowInCustomViewController.swift; sourceTree = "<group>"; };
		BFA4890F2169E3E2009A2265 /* TTGSnackbarExampleTests.xctest */ = {isa = PBXFileReference; explicitFileType = wrapper.cfbundle; includeInIndex = 0; path = TTGSnackbarExampleTests.xctest; sourceTree = BUILT_PRODUCTS_DIR; };
		BFA489112169E3E2009A2265 /* TTGSnackbarExampleTests.swift */ = {isa = PBXFileReference; lastKnownFileType = sourcecode.swift; path = TTGSnackbarExampleTests.swift; sourceTree = "<group>"; };
		BFA489132169E3E2009A2265 /* Info.plist */ = {isa = PBXFileReference; lastKnownFileType = text.plist.xml; path = Info.plist; sourceTree = "<group>"; };
/* End PBXFileReference section */

/* Begin PBXFrameworksBuildPhase section */
		BFA488EB2169BE2B009A2265 /* Frameworks */ = {
			isa = PBXFrameworksBuildPhase;
			buildActionMask = 2147483647;
			files = (
			);
			runOnlyForDeploymentPostprocessing = 0;
		};
		BFA4890C2169E3E2009A2265 /* Frameworks */ = {
			isa = PBXFrameworksBuildPhase;
			buildActionMask = 2147483647;
			files = (
			);
			runOnlyForDeploymentPostprocessing = 0;
		};
/* End PBXFrameworksBuildPhase section */

/* Begin PBXGroup section */
		BFA488E52169BE2B009A2265 = {
			isa = PBXGroup;
			children = (
				BFA488F02169BE2B009A2265 /* TTGSnackbarExample */,
				BFA489102169E3E2009A2265 /* TTGSnackbarExampleTests */,
				BFA488EF2169BE2B009A2265 /* Products */,
			);
			sourceTree = "<group>";
		};
		BFA488EF2169BE2B009A2265 /* Products */ = {
			isa = PBXGroup;
			children = (
				BFA488EE2169BE2B009A2265 /* TTGSnackbarExample.app */,
				BFA4890F2169E3E2009A2265 /* TTGSnackbarExampleTests.xctest */,
			);
			name = Products;
			sourceTree = "<group>";
		};
		BFA488F02169BE2B009A2265 /* TTGSnackbarExample */ = {
			isa = PBXGroup;
			children = (
				BFA488FD2169BE2D009A2265 /* Info.plist */,
				BFA488F12169BE2B009A2265 /* AppDelegate.swift */,
				BFA489092169DEA9009A2265 /* ShowInCustomViewController.swift */,
				BFA488F32169BE2B009A2265 /* ViewController.swift */,
				BFA488F82169BE2D009A2265 /* Assets.xcassets */,
				BFA489032169C003009A2265 /* CustomView.xib */,
				BFA488FA2169BE2D009A2265 /* LaunchScreen.storyboard */,
				BFA488F52169BE2B009A2265 /* Main.storyboard */,
				BFA489052169DD9A009A2265 /* TTGSnackbar */,
			);
			path = TTGSnackbarExample;
			sourceTree = "<group>";
		};
		BFA489052169DD9A009A2265 /* TTGSnackbar */ = {
			isa = PBXGroup;
			children = (
				BFA489062169DD9A009A2265 /* TTGSnackbar.h */,
				BFA489072169DD9A009A2265 /* TTGSnackbar.swift */,
			);
			name = TTGSnackbar;
			path = ../../TTGSnackbar;
			sourceTree = "<group>";
		};
		BFA489102169E3E2009A2265 /* TTGSnackbarExampleTests */ = {
			isa = PBXGroup;
			children = (
				BFA489112169E3E2009A2265 /* TTGSnackbarExampleTests.swift */,
				BFA489132169E3E2009A2265 /* Info.plist */,
			);
			path = TTGSnackbarExampleTests;
			sourceTree = "<group>";
		};
/* End PBXGroup section */

/* Begin PBXNativeTarget section */
		BFA488ED2169BE2B009A2265 /* TTGSnackbarExample */ = {
			isa = PBXNativeTarget;
			buildConfigurationList = BFA489002169BE2D009A2265 /* Build configuration list for PBXNativeTarget "TTGSnackbarExample" */;
			buildPhases = (
				BFA488EA2169BE2B009A2265 /* Sources */,
				BFA488EB2169BE2B009A2265 /* Frameworks */,
				BFA488EC2169BE2B009A2265 /* Resources */,
			);
			buildRules = (
			);
			dependencies = (
			);
			name = TTGSnackbarExample;
			productName = TTGSnackbarExample;
			productReference = BFA488EE2169BE2B009A2265 /* TTGSnackbarExample.app */;
			productType = "com.apple.product-type.application";
		};
		BFA4890E2169E3E2009A2265 /* TTGSnackbarExampleTests */ = {
			isa = PBXNativeTarget;
			buildConfigurationList = BFA489182169E3E2009A2265 /* Build configuration list for PBXNativeTarget "TTGSnackbarExampleTests" */;
			buildPhases = (
				BFA4890B2169E3E2009A2265 /* Sources */,
				BFA4890C2169E3E2009A2265 /* Frameworks */,
				BFA4890D2169E3E2009A2265 /* Resources */,
			);
			buildRules = (
			);
			dependencies = (
				BFA489152169E3E2009A2265 /* PBXTargetDependency */,
			);
			name = TTGSnackbarExampleTests;
			productName = TTGSnackbarExampleTests;
			productReference = BFA4890F2169E3E2009A2265 /* TTGSnackbarExampleTests.xctest */;
			productType = "com.apple.product-type.bundle.unit-test";
		};
/* End PBXNativeTarget section */

/* Begin PBXProject section */
		BFA488E62169BE2B009A2265 /* Project object */ = {
			isa = PBXProject;
			attributes = {
				LastSwiftUpdateCheck = 1000;
				LastUpgradeCheck = 1000;
				ORGANIZATIONNAME = tutuge;
				TargetAttributes = {
					BFA488ED2169BE2B009A2265 = {
						CreatedOnToolsVersion = 10.0;
					};
					BFA4890E2169E3E2009A2265 = {
						CreatedOnToolsVersion = 10.0;
						TestTargetID = BFA488ED2169BE2B009A2265;
					};
				};
			};
			buildConfigurationList = BFA488E92169BE2B009A2265 /* Build configuration list for PBXProject "TTGSnackbarExample" */;
			compatibilityVersion = "Xcode 9.3";
			developmentRegion = en;
			hasScannedForEncodings = 0;
			knownRegions = (
				en,
				Base,
			);
			mainGroup = BFA488E52169BE2B009A2265;
			productRefGroup = BFA488EF2169BE2B009A2265 /* Products */;
			projectDirPath = "";
			projectRoot = "";
			targets = (
				BFA488ED2169BE2B009A2265 /* TTGSnackbarExample */,
				BFA4890E2169E3E2009A2265 /* TTGSnackbarExampleTests */,
			);
		};
/* End PBXProject section */

/* Begin PBXResourcesBuildPhase section */
		BFA488EC2169BE2B009A2265 /* Resources */ = {
			isa = PBXResourcesBuildPhase;
			buildActionMask = 2147483647;
			files = (
				BFA488FC2169BE2D009A2265 /* LaunchScreen.storyboard in Resources */,
				BFA489042169C003009A2265 /* CustomView.xib in Resources */,
				BFA488F92169BE2D009A2265 /* Assets.xcassets in Resources */,
				BFA488F72169BE2B009A2265 /* Main.storyboard in Resources */,
			);
			runOnlyForDeploymentPostprocessing = 0;
		};
		BFA4890D2169E3E2009A2265 /* Resources */ = {
			isa = PBXResourcesBuildPhase;
			buildActionMask = 2147483647;
			files = (
			);
			runOnlyForDeploymentPostprocessing = 0;
		};
/* End PBXResourcesBuildPhase section */

/* Begin PBXSourcesBuildPhase section */
		BFA488EA2169BE2B009A2265 /* Sources */ = {
			isa = PBXSourcesBuildPhase;
			buildActionMask = 2147483647;
			files = (
				BFA488F42169BE2B009A2265 /* ViewController.swift in Sources */,
				BFA489082169DD9A009A2265 /* TTGSnackbar.swift in Sources */,
				BFA4890A2169DEA9009A2265 /* ShowInCustomViewController.swift in Sources */,
				BFA488F22169BE2B009A2265 /* AppDelegate.swift in Sources */,
			);
			runOnlyForDeploymentPostprocessing = 0;
		};
		BFA4890B2169E3E2009A2265 /* Sources */ = {
			isa = PBXSourcesBuildPhase;
			buildActionMask = 2147483647;
			files = (
				BFA489122169E3E2009A2265 /* TTGSnackbarExampleTests.swift in Sources */,
			);
			runOnlyForDeploymentPostprocessing = 0;
		};
/* End PBXSourcesBuildPhase section */

/* Begin PBXTargetDependency section */
		BFA489152169E3E2009A2265 /* PBXTargetDependency */ = {
			isa = PBXTargetDependency;
			target = BFA488ED2169BE2B009A2265 /* TTGSnackbarExample */;
			targetProxy = BFA489142169E3E2009A2265 /* PBXContainerItemProxy */;
		};
/* End PBXTargetDependency section */

/* Begin PBXVariantGroup section */
		BFA488F52169BE2B009A2265 /* Main.storyboard */ = {
			isa = PBXVariantGroup;
			children = (
				BFA488F62169BE2B009A2265 /* Base */,
			);
			name = Main.storyboard;
			sourceTree = "<group>";
		};
		BFA488FA2169BE2D009A2265 /* LaunchScreen.storyboard */ = {
			isa = PBXVariantGroup;
			children = (
				BFA488FB2169BE2D009A2265 /* Base */,
			);
			name = LaunchScreen.storyboard;
			sourceTree = "<group>";
		};
/* End PBXVariantGroup section */

/* Begin XCBuildConfiguration section */
		BFA488FE2169BE2D009A2265 /* Debug */ = {
			isa = XCBuildConfiguration;
			buildSettings = {
				ALWAYS_SEARCH_USER_PATHS = NO;
				CLANG_ANALYZER_NONNULL = YES;
				CLANG_ANALYZER_NUMBER_OBJECT_CONVERSION = YES_AGGRESSIVE;
				CLANG_CXX_LANGUAGE_STANDARD = "gnu++14";
				CLANG_CXX_LIBRARY = "libc++";
				CLANG_ENABLE_MODULES = YES;
				CLANG_ENABLE_OBJC_ARC = YES;
				CLANG_ENABLE_OBJC_WEAK = YES;
				CLANG_WARN_BLOCK_CAPTURE_AUTORELEASING = YES;
				CLANG_WARN_BOOL_CONVERSION = YES;
				CLANG_WARN_COMMA = YES;
				CLANG_WARN_CONSTANT_CONVERSION = YES;
				CLANG_WARN_DEPRECATED_OBJC_IMPLEMENTATIONS = YES;
				CLANG_WARN_DIRECT_OBJC_ISA_USAGE = YES_ERROR;
				CLANG_WARN_DOCUMENTATION_COMMENTS = YES;
				CLANG_WARN_EMPTY_BODY = YES;
				CLANG_WARN_ENUM_CONVERSION = YES;
				CLANG_WARN_INFINITE_RECURSION = YES;
				CLANG_WARN_INT_CONVERSION = YES;
				CLANG_WARN_NON_LITERAL_NULL_CONVERSION = YES;
				CLANG_WARN_OBJC_IMPLICIT_RETAIN_SELF = YES;
				CLANG_WARN_OBJC_LITERAL_CONVERSION = YES;
				CLANG_WARN_OBJC_ROOT_CLASS = YES_ERROR;
				CLANG_WARN_RANGE_LOOP_ANALYSIS = YES;
				CLANG_WARN_STRICT_PROTOTYPES = YES;
				CLANG_WARN_SUSPICIOUS_MOVE = YES;
				CLANG_WARN_UNGUARDED_AVAILABILITY = YES_AGGRESSIVE;
				CLANG_WARN_UNREACHABLE_CODE = YES;
				CLANG_WARN__DUPLICATE_METHOD_MATCH = YES;
				CODE_SIGN_IDENTITY = "iPhone Developer";
				COPY_PHASE_STRIP = NO;
				DEBUG_INFORMATION_FORMAT = dwarf;
				ENABLE_STRICT_OBJC_MSGSEND = YES;
				ENABLE_TESTABILITY = YES;
				GCC_C_LANGUAGE_STANDARD = gnu11;
				GCC_DYNAMIC_NO_PIC = NO;
				GCC_NO_COMMON_BLOCKS = YES;
				GCC_OPTIMIZATION_LEVEL = 0;
				GCC_PREPROCESSOR_DEFINITIONS = (
					"DEBUG=1",
					"$(inherited)",
				);
				GCC_WARN_64_TO_32_BIT_CONVERSION = YES;
				GCC_WARN_ABOUT_RETURN_TYPE = YES_ERROR;
				GCC_WARN_UNDECLARED_SELECTOR = YES;
				GCC_WARN_UNINITIALIZED_AUTOS = YES_AGGRESSIVE;
				GCC_WARN_UNUSED_FUNCTION = YES;
				GCC_WARN_UNUSED_VARIABLE = YES;
				IPHONEOS_DEPLOYMENT_TARGET = 9.0;
				MTL_ENABLE_DEBUG_INFO = INCLUDE_SOURCE;
				MTL_FAST_MATH = YES;
				ONLY_ACTIVE_ARCH = YES;
				SDKROOT = iphoneos;
				SWIFT_ACTIVE_COMPILATION_CONDITIONS = DEBUG;
				SWIFT_OPTIMIZATION_LEVEL = "-Onone";
				SWIFT_VERSION = 4.2;
			};
			name = Debug;
		};
		BFA488FF2169BE2D009A2265 /* Release */ = {
			isa = XCBuildConfiguration;
			buildSettings = {
				ALWAYS_SEARCH_USER_PATHS = NO;
				CLANG_ANALYZER_NONNULL = YES;
				CLANG_ANALYZER_NUMBER_OBJECT_CONVERSION = YES_AGGRESSIVE;
				CLANG_CXX_LANGUAGE_STANDARD = "gnu++14";
				CLANG_CXX_LIBRARY = "libc++";
				CLANG_ENABLE_MODULES = YES;
				CLANG_ENABLE_OBJC_ARC = YES;
				CLANG_ENABLE_OBJC_WEAK = YES;
				CLANG_WARN_BLOCK_CAPTURE_AUTORELEASING = YES;
				CLANG_WARN_BOOL_CONVERSION = YES;
				CLANG_WARN_COMMA = YES;
				CLANG_WARN_CONSTANT_CONVERSION = YES;
				CLANG_WARN_DEPRECATED_OBJC_IMPLEMENTATIONS = YES;
				CLANG_WARN_DIRECT_OBJC_ISA_USAGE = YES_ERROR;
				CLANG_WARN_DOCUMENTATION_COMMENTS = YES;
				CLANG_WARN_EMPTY_BODY = YES;
				CLANG_WARN_ENUM_CONVERSION = YES;
				CLANG_WARN_INFINITE_RECURSION = YES;
				CLANG_WARN_INT_CONVERSION = YES;
				CLANG_WARN_NON_LITERAL_NULL_CONVERSION = YES;
				CLANG_WARN_OBJC_IMPLICIT_RETAIN_SELF = YES;
				CLANG_WARN_OBJC_LITERAL_CONVERSION = YES;
				CLANG_WARN_OBJC_ROOT_CLASS = YES_ERROR;
				CLANG_WARN_RANGE_LOOP_ANALYSIS = YES;
				CLANG_WARN_STRICT_PROTOTYPES = YES;
				CLANG_WARN_SUSPICIOUS_MOVE = YES;
				CLANG_WARN_UNGUARDED_AVAILABILITY = YES_AGGRESSIVE;
				CLANG_WARN_UNREACHABLE_CODE = YES;
				CLANG_WARN__DUPLICATE_METHOD_MATCH = YES;
				CODE_SIGN_IDENTITY = "iPhone Developer";
				COPY_PHASE_STRIP = NO;
				DEBUG_INFORMATION_FORMAT = "dwarf-with-dsym";
				ENABLE_NS_ASSERTIONS = NO;
				ENABLE_STRICT_OBJC_MSGSEND = YES;
				GCC_C_LANGUAGE_STANDARD = gnu11;
				GCC_NO_COMMON_BLOCKS = YES;
				GCC_WARN_64_TO_32_BIT_CONVERSION = YES;
				GCC_WARN_ABOUT_RETURN_TYPE = YES_ERROR;
				GCC_WARN_UNDECLARED_SELECTOR = YES;
				GCC_WARN_UNINITIALIZED_AUTOS = YES_AGGRESSIVE;
				GCC_WARN_UNUSED_FUNCTION = YES;
				GCC_WARN_UNUSED_VARIABLE = YES;
				IPHONEOS_DEPLOYMENT_TARGET = 9.0;
				MTL_ENABLE_DEBUG_INFO = NO;
				MTL_FAST_MATH = YES;
				SDKROOT = iphoneos;
				SWIFT_COMPILATION_MODE = wholemodule;
				SWIFT_OPTIMIZATION_LEVEL = "-O";
				SWIFT_VERSION = 4.2;
				VALIDATE_PRODUCT = YES;
			};
			name = Release;
		};
		BFA489012169BE2D009A2265 /* Debug */ = {
			isa = XCBuildConfiguration;
			buildSettings = {
				ASSETCATALOG_COMPILER_APPICON_NAME = AppIcon;
				CODE_SIGN_STYLE = Manual;
				DEVELOPMENT_TEAM = "";
				INFOPLIST_FILE = TTGSnackbarExample/Info.plist;
				LD_RUNPATH_SEARCH_PATHS = (
					"$(inherited)",
					"@executable_path/Frameworks",
				);
				PRODUCT_BUNDLE_IDENTIFIER = me.tutuge.TTGSnackbarExample;
				PRODUCT_NAME = "$(TARGET_NAME)";
				PROVISIONING_PROFILE_SPECIFIER = "";
				SWIFT_VERSION = 4.2;
				TARGETED_DEVICE_FAMILY = "1,2";
			};
			name = Debug;
		};
		BFA489022169BE2D009A2265 /* Release */ = {
			isa = XCBuildConfiguration;
			buildSettings = {
				ASSETCATALOG_COMPILER_APPICON_NAME = AppIcon;
				CODE_SIGN_STYLE = Manual;
				DEVELOPMENT_TEAM = "";
				INFOPLIST_FILE = TTGSnackbarExample/Info.plist;
				LD_RUNPATH_SEARCH_PATHS = (
					"$(inherited)",
					"@executable_path/Frameworks",
				);
				PRODUCT_BUNDLE_IDENTIFIER = me.tutuge.TTGSnackbarExample;
				PRODUCT_NAME = "$(TARGET_NAME)";
				PROVISIONING_PROFILE_SPECIFIER = "";
				SWIFT_VERSION = 4.2;
				TARGETED_DEVICE_FAMILY = "1,2";
			};
			name = Release;
		};
		BFA489162169E3E2009A2265 /* Debug */ = {
			isa = XCBuildConfiguration;
			buildSettings = {
				BUNDLE_LOADER = "$(TEST_HOST)";
				CODE_SIGN_STYLE = Automatic;
				INFOPLIST_FILE = TTGSnackbarExampleTests/Info.plist;
				IPHONEOS_DEPLOYMENT_TARGET = 12.0;
				LD_RUNPATH_SEARCH_PATHS = (
					"$(inherited)",
					"@executable_path/Frameworks",
					"@loader_path/Frameworks",
				);
				PRODUCT_BUNDLE_IDENTIFIER = me.tutuge.TTGSnackbarExampleTests;
				PRODUCT_NAME = "$(TARGET_NAME)";
				SWIFT_VERSION = 4.2;
				TARGETED_DEVICE_FAMILY = "1,2";
				TEST_HOST = "$(BUILT_PRODUCTS_DIR)/TTGSnackbarExample.app/TTGSnackbarExample";
			};
			name = Debug;
		};
		BFA489172169E3E2009A2265 /* Release */ = {
			isa = XCBuildConfiguration;
			buildSettings = {
				BUNDLE_LOADER = "$(TEST_HOST)";
				CODE_SIGN_STYLE = Automatic;
				INFOPLIST_FILE = TTGSnackbarExampleTests/Info.plist;
				IPHONEOS_DEPLOYMENT_TARGET = 12.0;
				LD_RUNPATH_SEARCH_PATHS = (
					"$(inherited)",
					"@executable_path/Frameworks",
					"@loader_path/Frameworks",
				);
				PRODUCT_BUNDLE_IDENTIFIER = me.tutuge.TTGSnackbarExampleTests;
				PRODUCT_NAME = "$(TARGET_NAME)";
				SWIFT_VERSION = 4.2;
				TARGETED_DEVICE_FAMILY = "1,2";
				TEST_HOST = "$(BUILT_PRODUCTS_DIR)/TTGSnackbarExample.app/TTGSnackbarExample";
			};
			name = Release;
		};
/* End XCBuildConfiguration section */

/* Begin XCConfigurationList section */
		BFA488E92169BE2B009A2265 /* Build configuration list for PBXProject "TTGSnackbarExample" */ = {
			isa = XCConfigurationList;
			buildConfigurations = (
				BFA488FE2169BE2D009A2265 /* Debug */,
				BFA488FF2169BE2D009A2265 /* Release */,
			);
			defaultConfigurationIsVisible = 0;
			defaultConfigurationName = Release;
		};
		BFA489002169BE2D009A2265 /* Build configuration list for PBXNativeTarget "TTGSnackbarExample" */ = {
			isa = XCConfigurationList;
			buildConfigurations = (
				BFA489012169BE2D009A2265 /* Debug */,
				BFA489022169BE2D009A2265 /* Release */,
			);
			defaultConfigurationIsVisible = 0;
			defaultConfigurationName = Release;
		};
		BFA489182169E3E2009A2265 /* Build configuration list for PBXNativeTarget "TTGSnackbarExampleTests" */ = {
			isa = XCConfigurationList;
			buildConfigurations = (
				BFA489162169E3E2009A2265 /* Debug */,
				BFA489172169E3E2009A2265 /* Release */,
			);
			defaultConfigurationIsVisible = 0;
			defaultConfigurationName = Release;
		};
/* End XCConfigurationList section */
	};
	rootObject = BFA488E62169BE2B009A2265 /* Project object */;
}
